// !$*UTF8*$!
{
	archiveVersion = 1;
	classes = {
	};
	objectVersion = 70;
	objects = {

/* Begin PBXBuildFile section */
		94AD9E342DA93617000DAD3E /* ManagedSettings.framework in Frameworks */ = {isa = PBXBuildFile; fileRef = 94AD9E332DA93617000DAD3E /* ManagedSettings.framework */; };
		94AD9E362DA93617000DAD3E /* ManagedSettingsUI.framework in Frameworks */ = {isa = PBXBuildFile; fileRef = 94AD9E352DA93617000DAD3E /* ManagedSettingsUI.framework */; };
		94AD9E3E2DA93617000DAD3E /* TestingShieldConfiguration.appex in Embed Foundation Extensions */ = {isa = PBXBuildFile; fileRef = 94AD9E322DA93617000DAD3E /* TestingShieldConfiguration.appex */; settings = {ATTRIBUTES = (RemoveHeadersOnCopy, ); }; };
		94AD9E4A2DA93CE7000DAD3E /* DeviceActivity.framework in Frameworks */ = {isa = PBXBuildFile; fileRef = 94AD9E492DA93CE7000DAD3E /* DeviceActivity.framework */; };
		94AD9E522DA93CE7000DAD3E /* TestingDeviceActivityMonitor.appex in Embed Foundation Extensions */ = {isa = PBXBuildFile; fileRef = 94AD9E482DA93CE7000DAD3E /* TestingDeviceActivityMonitor.appex */; settings = {ATTRIBUTES = (RemoveHeadersOnCopy, ); }; };
		94AD9E592DA93D7A000DAD3E /* AppModel.swift in Sources */ = {isa = PBXBuildFile; fileRef = 94AD9E572DA93D7A000DAD3E /* AppModel.swift */; };
		94ADCDD92DAB3E74000DAD3E /* ActivityRingViewRepresentable.swift in Sources */ = {isa = PBXBuildFile; fileRef = 94ADCDD82DAB3E74000DAD3E /* ActivityRingViewRepresentable.swift */; };
		94ADCE632DAC37E6000DAD3E /* StepGoalMonitor.swift in Sources */ = {isa = PBXBuildFile; fileRef = 94ADCE622DAC37E6000DAD3E /* StepGoalMonitor.swift */; };
		94ADCE742DACA2DB000DAD3E /* TestingDeviceActivityReportExtension.appex in Embed ExtensionKit Extensions */ = {isa = PBXBuildFile; fileRef = 94ADCE682DACA2DA000DAD3E /* TestingDeviceActivityReportExtension.appex */; settings = {ATTRIBUTES = (RemoveHeadersOnCopy, ); }; };
		94ADCE7B2DACA3F1000DAD3E /* ExampleView.swift in Sources */ = {isa = PBXBuildFile; fileRef = 94ADCE7A2DACA3F1000DAD3E /* ExampleView.swift */; };
		94ADCF6A2DAD325E000DAD3E /* UserDefaults+Extension.swift in Sources */ = {isa = PBXBuildFile; fileRef = 94ADCF692DAD325E000DAD3E /* UserDefaults+Extension.swift */; };
		94ADCF772DAD32C2000DAD3E /* UserDefaults+Extension.swift in Sources */ = {isa = PBXBuildFile; fileRef = 94ADCF692DAD325E000DAD3E /* UserDefaults+Extension.swift */; };
		94ADF5BE2DADC5CD000DAD3E /* AppTabNavigation.swift in Sources */ = {isa = PBXBuildFile; fileRef = 94ADF5BD2DADC5CD000DAD3E /* AppTabNavigation.swift */; };
		94ADF5CC2DADC73D000DAD3E /* HomeView.swift in Sources */ = {isa = PBXBuildFile; fileRef = 94ADF5CB2DADC73D000DAD3E /* HomeView.swift */; };
		94ADF5DA2DADC7AF000DAD3E /* PlusCircleButton.swift in Sources */ = {isa = PBXBuildFile; fileRef = 94ADF5D92DADC7AF000DAD3E /* PlusCircleButton.swift */; };
		94ADF5DD2DADC7D6000DAD3E /* SwiftTools in Frameworks */ = {isa = PBXBuildFile; productRef = 94ADF5DC2DADC7D6000DAD3E /* SwiftTools */; };
		94ADF5DF2DADE750000DAD3E /* ProgressRow.swift in Sources */ = {isa = PBXBuildFile; fileRef = 94ADF5DE2DADE750000DAD3E /* ProgressRow.swift */; };
		94ADF5E12DADE765000DAD3E /* BlockMode.swift in Sources */ = {isa = PBXBuildFile; fileRef = 94ADF5E02DADE765000DAD3E /* BlockMode.swift */; };
		94ADF5E32DADE78F000DAD3E /* SkipOption.swift in Sources */ = {isa = PBXBuildFile; fileRef = 94ADF5E22DADE78F000DAD3E /* SkipOption.swift */; };
		A6A262F024E0BCB30091EA92 /* Tests_iOS.swift in Sources */ = {isa = PBXBuildFile; fileRef = A6A262EF24E0BCB30091EA92 /* Tests_iOS.swift */; };
		A6A262FD24E0BCB30091EA92 /* TestingApp.swift in Sources */ = {isa = PBXBuildFile; fileRef = A6A262D424E0BCB20091EA92 /* TestingApp.swift */; };
		A6A262FF24E0BCB30091EA92 /* ContentView.swift in Sources */ = {isa = PBXBuildFile; fileRef = A6A262D524E0BCB20091EA92 /* ContentView.swift */; };
		A6A2630124E0BCB30091EA92 /* Assets.xcassets in Resources */ = {isa = PBXBuildFile; fileRef = A6A262D624E0BCB30091EA92 /* Assets.xcassets */; };
/* End PBXBuildFile section */

/* Begin PBXContainerItemProxy section */
		94AD9E3C2DA93617000DAD3E /* PBXContainerItemProxy */ = {
			isa = PBXContainerItemProxy;
			containerPortal = A6A262CF24E0BCB20091EA92 /* Project object */;
			proxyType = 1;
			remoteGlobalIDString = 94AD9E312DA93617000DAD3E;
			remoteInfo = TestingShieldConfiguration;
		};
		94AD9E502DA93CE7000DAD3E /* PBXContainerItemProxy */ = {
			isa = PBXContainerItemProxy;
			containerPortal = A6A262CF24E0BCB20091EA92 /* Project object */;
			proxyType = 1;
			remoteGlobalIDString = 94AD9E472DA93CE7000DAD3E;
			remoteInfo = TestingDeviceActivityMonitor;
		};
		94ADCE722DACA2DB000DAD3E /* PBXContainerItemProxy */ = {
			isa = PBXContainerItemProxy;
			containerPortal = A6A262CF24E0BCB20091EA92 /* Project object */;
			proxyType = 1;
			remoteGlobalIDString = 94ADCE672DACA2DA000DAD3E;
			remoteInfo = TestingDeviceActivityReportExtension;
		};
		A6A262EC24E0BCB30091EA92 /* PBXContainerItemProxy */ = {
			isa = PBXContainerItemProxy;
			containerPortal = A6A262CF24E0BCB20091EA92 /* Project object */;
			proxyType = 1;
			remoteGlobalIDString = A6A262DA24E0BCB30091EA92;
			remoteInfo = "Testing (iOS)";
		};
/* End PBXContainerItemProxy section */

/* Begin PBXCopyFilesBuildPhase section */
		94AD9E3F2DA93617000DAD3E /* Embed Foundation Extensions */ = {
			isa = PBXCopyFilesBuildPhase;
			buildActionMask = 2147483647;
			dstPath = "";
			dstSubfolderSpec = 13;
			files = (
				94AD9E3E2DA93617000DAD3E /* TestingShieldConfiguration.appex in Embed Foundation Extensions */,
				94AD9E522DA93CE7000DAD3E /* TestingDeviceActivityMonitor.appex in Embed Foundation Extensions */,
			);
			name = "Embed Foundation Extensions";
			runOnlyForDeploymentPostprocessing = 0;
		};
		94ADCE792DACA2DB000DAD3E /* Embed ExtensionKit Extensions */ = {
			isa = PBXCopyFilesBuildPhase;
			buildActionMask = 2147483647;
			dstPath = "$(EXTENSIONS_FOLDER_PATH)";
			dstSubfolderSpec = 16;
			files = (
				94ADCE742DACA2DB000DAD3E /* TestingDeviceActivityReportExtension.appex in Embed ExtensionKit Extensions */,
			);
			name = "Embed ExtensionKit Extensions";
			runOnlyForDeploymentPostprocessing = 0;
		};
/* End PBXCopyFilesBuildPhase section */

/* Begin PBXFileReference section */
		94AD9E322DA93617000DAD3E /* TestingShieldConfiguration.appex */ = {isa = PBXFileReference; explicitFileType = "wrapper.app-extension"; includeInIndex = 0; path = TestingShieldConfiguration.appex; sourceTree = BUILT_PRODUCTS_DIR; };
		94AD9E332DA93617000DAD3E /* ManagedSettings.framework */ = {isa = PBXFileReference; lastKnownFileType = wrapper.framework; name = ManagedSettings.framework; path = System/Library/Frameworks/ManagedSettings.framework; sourceTree = SDKROOT; };
		94AD9E352DA93617000DAD3E /* ManagedSettingsUI.framework */ = {isa = PBXFileReference; lastKnownFileType = wrapper.framework; name = ManagedSettingsUI.framework; path = Library/Frameworks/ManagedSettingsUI.framework; sourceTree = DEVELOPER_DIR; };
		94AD9E482DA93CE7000DAD3E /* TestingDeviceActivityMonitor.appex */ = {isa = PBXFileReference; explicitFileType = "wrapper.app-extension"; includeInIndex = 0; path = TestingDeviceActivityMonitor.appex; sourceTree = BUILT_PRODUCTS_DIR; };
		94AD9E492DA93CE7000DAD3E /* DeviceActivity.framework */ = {isa = PBXFileReference; lastKnownFileType = wrapper.framework; name = DeviceActivity.framework; path = System/Library/Frameworks/DeviceActivity.framework; sourceTree = SDKROOT; };
		94AD9E572DA93D7A000DAD3E /* AppModel.swift */ = {isa = PBXFileReference; lastKnownFileType = sourcecode.swift; path = AppModel.swift; sourceTree = "<group>"; };
		94ADCDD82DAB3E74000DAD3E /* ActivityRingViewRepresentable.swift */ = {isa = PBXFileReference; lastKnownFileType = sourcecode.swift; path = ActivityRingViewRepresentable.swift; sourceTree = "<group>"; };
		94ADCE622DAC37E6000DAD3E /* StepGoalMonitor.swift */ = {isa = PBXFileReference; lastKnownFileType = sourcecode.swift; path = StepGoalMonitor.swift; sourceTree = "<group>"; };
		94ADCE682DACA2DA000DAD3E /* TestingDeviceActivityReportExtension.appex */ = {isa = PBXFileReference; explicitFileType = "wrapper.extensionkit-extension"; includeInIndex = 0; path = TestingDeviceActivityReportExtension.appex; sourceTree = BUILT_PRODUCTS_DIR; };
		94ADCE7A2DACA3F1000DAD3E /* ExampleView.swift */ = {isa = PBXFileReference; lastKnownFileType = sourcecode.swift; path = ExampleView.swift; sourceTree = "<group>"; };
		94ADCF692DAD325E000DAD3E /* UserDefaults+Extension.swift */ = {isa = PBXFileReference; lastKnownFileType = sourcecode.swift; path = "UserDefaults+Extension.swift"; sourceTree = "<group>"; };
		94ADF5BD2DADC5CD000DAD3E /* AppTabNavigation.swift */ = {isa = PBXFileReference; lastKnownFileType = sourcecode.swift; path = AppTabNavigation.swift; sourceTree = "<group>"; };
		94ADF5CB2DADC73D000DAD3E /* HomeView.swift */ = {isa = PBXFileReference; lastKnownFileType = sourcecode.swift; path = HomeView.swift; sourceTree = "<group>"; };
		94ADF5D92DADC7AF000DAD3E /* PlusCircleButton.swift */ = {isa = PBXFileReference; lastKnownFileType = sourcecode.swift; path = PlusCircleButton.swift; sourceTree = "<group>"; };
		94ADF5DE2DADE750000DAD3E /* ProgressRow.swift */ = {isa = PBXFileReference; lastKnownFileType = sourcecode.swift; path = ProgressRow.swift; sourceTree = "<group>"; };
		94ADF5E02DADE765000DAD3E /* BlockMode.swift */ = {isa = PBXFileReference; lastKnownFileType = sourcecode.swift; path = BlockMode.swift; sourceTree = "<group>"; };
		94ADF5E22DADE78F000DAD3E /* SkipOption.swift */ = {isa = PBXFileReference; lastKnownFileType = sourcecode.swift; path = SkipOption.swift; sourceTree = "<group>"; };
		A6A0310D266EBC6D001CBE2A /* Testing.entitlements */ = {isa = PBXFileReference; lastKnownFileType = text.plist.entitlements; path = Testing.entitlements; sourceTree = "<group>"; };
		A6A262D424E0BCB20091EA92 /* TestingApp.swift */ = {isa = PBXFileReference; lastKnownFileType = sourcecode.swift; path = TestingApp.swift; sourceTree = "<group>"; };
		A6A262D524E0BCB20091EA92 /* ContentView.swift */ = {isa = PBXFileReference; lastKnownFileType = sourcecode.swift; path = ContentView.swift; sourceTree = "<group>"; };
		A6A262D624E0BCB30091EA92 /* Assets.xcassets */ = {isa = PBXFileReference; lastKnownFileType = folder.assetcatalog; path = Assets.xcassets; sourceTree = "<group>"; };
		A6A262DB24E0BCB30091EA92 /* Testing.app */ = {isa = PBXFileReference; explicitFileType = wrapper.application; includeInIndex = 0; path = Testing.app; sourceTree = BUILT_PRODUCTS_DIR; };
		A6A262DE24E0BCB30091EA92 /* Info.plist */ = {isa = PBXFileReference; lastKnownFileType = text.plist.xml; path = Info.plist; sourceTree = "<group>"; };
		A6A262EB24E0BCB30091EA92 /* Tests iOS.xctest */ = {isa = PBXFileReference; explicitFileType = wrapper.cfbundle; includeInIndex = 0; path = "Tests iOS.xctest"; sourceTree = BUILT_PRODUCTS_DIR; };
		A6A262EF24E0BCB30091EA92 /* Tests_iOS.swift */ = {isa = PBXFileReference; lastKnownFileType = sourcecode.swift; path = Tests_iOS.swift; sourceTree = "<group>"; };
		A6A262F124E0BCB30091EA92 /* Info.plist */ = {isa = PBXFileReference; lastKnownFileType = text.plist.xml; path = Info.plist; sourceTree = "<group>"; };
/* End PBXFileReference section */

/* Begin PBXFileSystemSynchronizedBuildFileExceptionSet section */
		94AD9E422DA93617000DAD3E /* PBXFileSystemSynchronizedBuildFileExceptionSet */ = {
			isa = PBXFileSystemSynchronizedBuildFileExceptionSet;
			membershipExceptions = (
				Info.plist,
			);
			target = 94AD9E312DA93617000DAD3E /* TestingShieldConfiguration */;
		};
		94AD9E532DA93CE7000DAD3E /* PBXFileSystemSynchronizedBuildFileExceptionSet */ = {
			isa = PBXFileSystemSynchronizedBuildFileExceptionSet;
			membershipExceptions = (
				Info.plist,
			);
			target = 94AD9E472DA93CE7000DAD3E /* TestingDeviceActivityMonitor */;
		};
		94ADCE752DACA2DB000DAD3E /* PBXFileSystemSynchronizedBuildFileExceptionSet */ = {
			isa = PBXFileSystemSynchronizedBuildFileExceptionSet;
			membershipExceptions = (
				Info.plist,
			);
			target = 94ADCE672DACA2DA000DAD3E /* TestingDeviceActivityReportExtension */;
		};
/* End PBXFileSystemSynchronizedBuildFileExceptionSet section */

/* Begin PBXFileSystemSynchronizedRootGroup section */
		94AD9E372DA93617000DAD3E /* TestingShieldConfiguration */ = {isa = PBXFileSystemSynchronizedRootGroup; exceptions = (94AD9E422DA93617000DAD3E /* PBXFileSystemSynchronizedBuildFileExceptionSet */, ); explicitFileTypes = {}; explicitFolders = (); path = TestingShieldConfiguration; sourceTree = "<group>"; };
		94AD9E4B2DA93CE7000DAD3E /* TestingDeviceActivityMonitor */ = {isa = PBXFileSystemSynchronizedRootGroup; exceptions = (94AD9E532DA93CE7000DAD3E /* PBXFileSystemSynchronizedBuildFileExceptionSet */, ); explicitFileTypes = {}; explicitFolders = (); path = TestingDeviceActivityMonitor; sourceTree = "<group>"; };
		94ADCE692DACA2DA000DAD3E /* TestingDeviceActivityReportExtension */ = {isa = PBXFileSystemSynchronizedRootGroup; exceptions = (94ADCE752DACA2DB000DAD3E /* PBXFileSystemSynchronizedBuildFileExceptionSet */, ); explicitFileTypes = {}; explicitFolders = (); path = TestingDeviceActivityReportExtension; sourceTree = "<group>"; };
/* End PBXFileSystemSynchronizedRootGroup section */

/* Begin PBXFrameworksBuildPhase section */
		94AD9E2F2DA93617000DAD3E /* Frameworks */ = {
			isa = PBXFrameworksBuildPhase;
			buildActionMask = 2147483647;
			files = (
				94AD9E342DA93617000DAD3E /* ManagedSettings.framework in Frameworks */,
				94AD9E362DA93617000DAD3E /* ManagedSettingsUI.framework in Frameworks */,
			);
			runOnlyForDeploymentPostprocessing = 0;
		};
		94AD9E452DA93CE7000DAD3E /* Frameworks */ = {
			isa = PBXFrameworksBuildPhase;
			buildActionMask = 2147483647;
			files = (
				94AD9E4A2DA93CE7000DAD3E /* DeviceActivity.framework in Frameworks */,
			);
			runOnlyForDeploymentPostprocessing = 0;
		};
		94ADCE652DACA2DA000DAD3E /* Frameworks */ = {
			isa = PBXFrameworksBuildPhase;
			buildActionMask = 2147483647;
			files = (
			);
			runOnlyForDeploymentPostprocessing = 0;
		};
		A6A262D824E0BCB30091EA92 /* Frameworks */ = {
			isa = PBXFrameworksBuildPhase;
			buildActionMask = 2147483647;
			files = (
				94ADF5DD2DADC7D6000DAD3E /* SwiftTools in Frameworks */,
			);
			runOnlyForDeploymentPostprocessing = 0;
		};
		A6A262E824E0BCB30091EA92 /* Frameworks */ = {
			isa = PBXFrameworksBuildPhase;
			buildActionMask = 2147483647;
			files = (
			);
			runOnlyForDeploymentPostprocessing = 0;
		};
/* End PBXFrameworksBuildPhase section */

/* Begin PBXGroup section */
		9416F28C2BF5AF1B00028457 /* Frameworks */ = {
			isa = PBXGroup;
			children = (
				94AD9E332DA93617000DAD3E /* ManagedSettings.framework */,
				94AD9E352DA93617000DAD3E /* ManagedSettingsUI.framework */,
				94AD9E492DA93CE7000DAD3E /* DeviceActivity.framework */,
			);
			name = Frameworks;
			sourceTree = "<group>";
		};
		A6A262CE24E0BCB20091EA92 = {
			isa = PBXGroup;
			children = (
				A6A0310D266EBC6D001CBE2A /* Testing.entitlements */,
				A6A262D324E0BCB20091EA92 /* Shared */,
				A6A262DD24E0BCB30091EA92 /* iOS */,
				A6A262EE24E0BCB30091EA92 /* Tests iOS */,
				94AD9E372DA93617000DAD3E /* TestingShieldConfiguration */,
				94AD9E4B2DA93CE7000DAD3E /* TestingDeviceActivityMonitor */,
				94ADCE692DACA2DA000DAD3E /* TestingDeviceActivityReportExtension */,
				A6A262DC24E0BCB30091EA92 /* Products */,
				9416F28C2BF5AF1B00028457 /* Frameworks */,
			);
			sourceTree = "<group>";
		};
		A6A262D324E0BCB20091EA92 /* Shared */ = {
			isa = PBXGroup;
			children = (
				A6A262D424E0BCB20091EA92 /* TestingApp.swift */,
				A6A262D524E0BCB20091EA92 /* ContentView.swift */,
				94ADF5BD2DADC5CD000DAD3E /* AppTabNavigation.swift */,
				94ADCDD82DAB3E74000DAD3E /* ActivityRingViewRepresentable.swift */,
				94ADF5CB2DADC73D000DAD3E /* HomeView.swift */,
				94ADF5D92DADC7AF000DAD3E /* PlusCircleButton.swift */,
				94ADF5E22DADE78F000DAD3E /* SkipOption.swift */,
				94ADF5E02DADE765000DAD3E /* BlockMode.swift */,
				94ADF5DE2DADE750000DAD3E /* ProgressRow.swift */,
				94ADCE622DAC37E6000DAD3E /* StepGoalMonitor.swift */,
				94ADCF692DAD325E000DAD3E /* UserDefaults+Extension.swift */,
				94ADCE7A2DACA3F1000DAD3E /* ExampleView.swift */,
				94AD9E572DA93D7A000DAD3E /* AppModel.swift */,
				A6A262D624E0BCB30091EA92 /* Assets.xcassets */,
			);
			path = Shared;
			sourceTree = "<group>";
		};
		A6A262DC24E0BCB30091EA92 /* Products */ = {
			isa = PBXGroup;
			children = (
				A6A262DB24E0BCB30091EA92 /* Testing.app */,
				A6A262EB24E0BCB30091EA92 /* Tests iOS.xctest */,
				94AD9E322DA93617000DAD3E /* TestingShieldConfiguration.appex */,
				94AD9E482DA93CE7000DAD3E /* TestingDeviceActivityMonitor.appex */,
				94ADCE682DACA2DA000DAD3E /* TestingDeviceActivityReportExtension.appex */,
			);
			name = Products;
			sourceTree = "<group>";
		};
		A6A262DD24E0BCB30091EA92 /* iOS */ = {
			isa = PBXGroup;
			children = (
				A6A262DE24E0BCB30091EA92 /* Info.plist */,
			);
			path = iOS;
			sourceTree = "<group>";
		};
		A6A262EE24E0BCB30091EA92 /* Tests iOS */ = {
			isa = PBXGroup;
			children = (
				A6A262EF24E0BCB30091EA92 /* Tests_iOS.swift */,
				A6A262F124E0BCB30091EA92 /* Info.plist */,
			);
			path = "Tests iOS";
			sourceTree = "<group>";
		};
/* End PBXGroup section */

/* Begin PBXNativeTarget section */
		94AD9E312DA93617000DAD3E /* TestingShieldConfiguration */ = {
			isa = PBXNativeTarget;
			buildConfigurationList = 94AD9E432DA93617000DAD3E /* Build configuration list for PBXNativeTarget "TestingShieldConfiguration" */;
			buildPhases = (
				94AD9E2E2DA93617000DAD3E /* Sources */,
				94AD9E2F2DA93617000DAD3E /* Frameworks */,
				94AD9E302DA93617000DAD3E /* Resources */,
			);
			buildRules = (
			);
			dependencies = (
			);
			fileSystemSynchronizedGroups = (
				94AD9E372DA93617000DAD3E /* TestingShieldConfiguration */,
			);
			name = TestingShieldConfiguration;
			packageProductDependencies = (
			);
			productName = TestingShieldConfiguration;
			productReference = 94AD9E322DA93617000DAD3E /* TestingShieldConfiguration.appex */;
			productType = "com.apple.product-type.app-extension";
		};
		94AD9E472DA93CE7000DAD3E /* TestingDeviceActivityMonitor */ = {
			isa = PBXNativeTarget;
			buildConfigurationList = 94AD9E542DA93CE7000DAD3E /* Build configuration list for PBXNativeTarget "TestingDeviceActivityMonitor" */;
			buildPhases = (
				94AD9E442DA93CE7000DAD3E /* Sources */,
				94AD9E452DA93CE7000DAD3E /* Frameworks */,
				94AD9E462DA93CE7000DAD3E /* Resources */,
			);
			buildRules = (
			);
			dependencies = (
			);
			fileSystemSynchronizedGroups = (
				94AD9E4B2DA93CE7000DAD3E /* TestingDeviceActivityMonitor */,
			);
			name = TestingDeviceActivityMonitor;
			packageProductDependencies = (
			);
			productName = TestingDeviceActivityMonitor;
			productReference = 94AD9E482DA93CE7000DAD3E /* TestingDeviceActivityMonitor.appex */;
			productType = "com.apple.product-type.app-extension";
		};
		94ADCE672DACA2DA000DAD3E /* TestingDeviceActivityReportExtension */ = {
			isa = PBXNativeTarget;
			buildConfigurationList = 94ADCE762DACA2DB000DAD3E /* Build configuration list for PBXNativeTarget "TestingDeviceActivityReportExtension" */;
			buildPhases = (
				94ADCE642DACA2DA000DAD3E /* Sources */,
				94ADCE652DACA2DA000DAD3E /* Frameworks */,
				94ADCE662DACA2DA000DAD3E /* Resources */,
			);
			buildRules = (
			);
			dependencies = (
			);
			fileSystemSynchronizedGroups = (
				94ADCE692DACA2DA000DAD3E /* TestingDeviceActivityReportExtension */,
			);
			name = TestingDeviceActivityReportExtension;
			packageProductDependencies = (
			);
			productName = TestingDeviceActivityReportExtension;
			productReference = 94ADCE682DACA2DA000DAD3E /* TestingDeviceActivityReportExtension.appex */;
			productType = "com.apple.product-type.extensionkit-extension";
		};
		A6A262DA24E0BCB30091EA92 /* Testing (iOS) */ = {
			isa = PBXNativeTarget;
			buildConfigurationList = A6A2630524E0BCB30091EA92 /* Build configuration list for PBXNativeTarget "Testing (iOS)" */;
			buildPhases = (
				A6A262D724E0BCB30091EA92 /* Sources */,
				A6A262D824E0BCB30091EA92 /* Frameworks */,
				A6A262D924E0BCB30091EA92 /* Resources */,
				94AD9E3F2DA93617000DAD3E /* Embed Foundation Extensions */,
				94ADCE792DACA2DB000DAD3E /* Embed ExtensionKit Extensions */,
			);
			buildRules = (
			);
			dependencies = (
				94AD9E3D2DA93617000DAD3E /* PBXTargetDependency */,
				94AD9E512DA93CE7000DAD3E /* PBXTargetDependency */,
				94ADCE732DACA2DB000DAD3E /* PBXTargetDependency */,
			);
			name = "Testing (iOS)";
			productName = "Testing (iOS)";
			productReference = A6A262DB24E0BCB30091EA92 /* Testing.app */;
			productType = "com.apple.product-type.application";
		};
		A6A262EA24E0BCB30091EA92 /* Tests iOS */ = {
			isa = PBXNativeTarget;
			buildConfigurationList = A6A2630B24E0BCB30091EA92 /* Build configuration list for PBXNativeTarget "Tests iOS" */;
			buildPhases = (
				A6A262E724E0BCB30091EA92 /* Sources */,
				A6A262E824E0BCB30091EA92 /* Frameworks */,
				A6A262E924E0BCB30091EA92 /* Resources */,
			);
			buildRules = (
			);
			dependencies = (
				A6A262ED24E0BCB30091EA92 /* PBXTargetDependency */,
			);
			name = "Tests iOS";
			packageProductDependencies = (
			);
			productName = "Tests iOS";
			productReference = A6A262EB24E0BCB30091EA92 /* Tests iOS.xctest */;
			productType = "com.apple.product-type.bundle.ui-testing";
		};
/* End PBXNativeTarget section */

/* Begin PBXProject section */
		A6A262CF24E0BCB20091EA92 /* Project object */ = {
			isa = PBXProject;
			attributes = {
				BuildIndependentTargetsInParallel = YES;
				LastSwiftUpdateCheck = 1630;
				LastUpgradeCheck = 1630;
				TargetAttributes = {
					94AD9E312DA93617000DAD3E = {
						CreatedOnToolsVersion = 16.3;
					};
					94AD9E472DA93CE7000DAD3E = {
						CreatedOnToolsVersion = 16.3;
					};
					94ADCE672DACA2DA000DAD3E = {
						CreatedOnToolsVersion = 16.3;
						LastSwiftMigration = 1630;
					};
					A6A262DA24E0BCB30091EA92 = {
						CreatedOnToolsVersion = 12.0;
					};
					A6A262EA24E0BCB30091EA92 = {
						CreatedOnToolsVersion = 12.0;
						TestTargetID = A6A262DA24E0BCB30091EA92;
					};
				};
			};
			buildConfigurationList = A6A262D224E0BCB20091EA92 /* Build configuration list for PBXProject "Testing" */;
			compatibilityVersion = "Xcode 9.3";
			developmentRegion = en;
			hasScannedForEncodings = 0;
			knownRegions = (
				en,
				Base,
			);
			mainGroup = A6A262CE24E0BCB20091EA92;
			packageReferences = (
				94ADF5DB2DADC7D6000DAD3E /* XCRemoteSwiftPackageReference "SwiftTools" */,
			);
			productRefGroup = A6A262DC24E0BCB30091EA92 /* Products */;
			projectDirPath = "";
			projectRoot = "";
			targets = (
				A6A262DA24E0BCB30091EA92 /* Testing (iOS) */,
				A6A262EA24E0BCB30091EA92 /* Tests iOS */,
				94AD9E312DA93617000DAD3E /* TestingShieldConfiguration */,
				94AD9E472DA93CE7000DAD3E /* TestingDeviceActivityMonitor */,
				94ADCE672DACA2DA000DAD3E /* TestingDeviceActivityReportExtension */,
			);
		};
/* End PBXProject section */

/* Begin PBXResourcesBuildPhase section */
		94AD9E302DA93617000DAD3E /* Resources */ = {
			isa = PBXResourcesBuildPhase;
			buildActionMask = 2147483647;
			files = (
			);
			runOnlyForDeploymentPostprocessing = 0;
		};
		94AD9E462DA93CE7000DAD3E /* Resources */ = {
			isa = PBXResourcesBuildPhase;
			buildActionMask = 2147483647;
			files = (
			);
			runOnlyForDeploymentPostprocessing = 0;
		};
		94ADCE662DACA2DA000DAD3E /* Resources */ = {
			isa = PBXResourcesBuildPhase;
			buildActionMask = 2147483647;
			files = (
			);
			runOnlyForDeploymentPostprocessing = 0;
		};
		A6A262D924E0BCB30091EA92 /* Resources */ = {
			isa = PBXResourcesBuildPhase;
			buildActionMask = 2147483647;
			files = (
				A6A2630124E0BCB30091EA92 /* Assets.xcassets in Resources */,
			);
			runOnlyForDeploymentPostprocessing = 0;
		};
		A6A262E924E0BCB30091EA92 /* Resources */ = {
			isa = PBXResourcesBuildPhase;
			buildActionMask = 2147483647;
			files = (
			);
			runOnlyForDeploymentPostprocessing = 0;
		};
/* End PBXResourcesBuildPhase section */

/* Begin PBXSourcesBuildPhase section */
		94AD9E2E2DA93617000DAD3E /* Sources */ = {
			isa = PBXSourcesBuildPhase;
			buildActionMask = 2147483647;
			files = (
			);
			runOnlyForDeploymentPostprocessing = 0;
		};
		94AD9E442DA93CE7000DAD3E /* Sources */ = {
			isa = PBXSourcesBuildPhase;
			buildActionMask = 2147483647;
			files = (
				94ADCF772DAD32C2000DAD3E /* UserDefaults+Extension.swift in Sources */,
			);
			runOnlyForDeploymentPostprocessing = 0;
		};
		94ADCE642DACA2DA000DAD3E /* Sources */ = {
			isa = PBXSourcesBuildPhase;
			buildActionMask = 2147483647;
			files = (
			);
			runOnlyForDeploymentPostprocessing = 0;
		};
		A6A262D724E0BCB30091EA92 /* Sources */ = {
			isa = PBXSourcesBuildPhase;
			buildActionMask = 2147483647;
			files = (
				94ADF5CC2DADC73D000DAD3E /* HomeView.swift in Sources */,
				A6A262FF24E0BCB30091EA92 /* ContentView.swift in Sources */,
				94ADF5E32DADE78F000DAD3E /* SkipOption.swift in Sources */,
				94ADF5E12DADE765000DAD3E /* BlockMode.swift in Sources */,
				94ADF5BE2DADC5CD000DAD3E /* AppTabNavigation.swift in Sources */,
				94ADCE632DAC37E6000DAD3E /* StepGoalMonitor.swift in Sources */,
				94AD9E592DA93D7A000DAD3E /* AppModel.swift in Sources */,
				94ADCDD92DAB3E74000DAD3E /* ActivityRingViewRepresentable.swift in Sources */,
				A6A262FD24E0BCB30091EA92 /* TestingApp.swift in Sources */,
				94ADF5DA2DADC7AF000DAD3E /* PlusCircleButton.swift in Sources */,
				94ADCE7B2DACA3F1000DAD3E /* ExampleView.swift in Sources */,
				94ADF5DF2DADE750000DAD3E /* ProgressRow.swift in Sources */,
				94ADCF6A2DAD325E000DAD3E /* UserDefaults+Extension.swift in Sources */,
			);
			runOnlyForDeploymentPostprocessing = 0;
		};
		A6A262E724E0BCB30091EA92 /* Sources */ = {
			isa = PBXSourcesBuildPhase;
			buildActionMask = 2147483647;
			files = (
				A6A262F024E0BCB30091EA92 /* Tests_iOS.swift in Sources */,
			);
			runOnlyForDeploymentPostprocessing = 0;
		};
/* End PBXSourcesBuildPhase section */

/* Begin PBXTargetDependency section */
		94AD9E3D2DA93617000DAD3E /* PBXTargetDependency */ = {
			isa = PBXTargetDependency;
			target = 94AD9E312DA93617000DAD3E /* TestingShieldConfiguration */;
			targetProxy = 94AD9E3C2DA93617000DAD3E /* PBXContainerItemProxy */;
		};
		94AD9E512DA93CE7000DAD3E /* PBXTargetDependency */ = {
			isa = PBXTargetDependency;
			target = 94AD9E472DA93CE7000DAD3E /* TestingDeviceActivityMonitor */;
			targetProxy = 94AD9E502DA93CE7000DAD3E /* PBXContainerItemProxy */;
		};
		94ADCE732DACA2DB000DAD3E /* PBXTargetDependency */ = {
			isa = PBXTargetDependency;
			target = 94ADCE672DACA2DA000DAD3E /* TestingDeviceActivityReportExtension */;
			targetProxy = 94ADCE722DACA2DB000DAD3E /* PBXContainerItemProxy */;
		};
		A6A262ED24E0BCB30091EA92 /* PBXTargetDependency */ = {
			isa = PBXTargetDependency;
			target = A6A262DA24E0BCB30091EA92 /* Testing (iOS) */;
			targetProxy = A6A262EC24E0BCB30091EA92 /* PBXContainerItemProxy */;
		};
/* End PBXTargetDependency section */

/* Begin XCBuildConfiguration section */
		94AD9E402DA93617000DAD3E /* Debug */ = {
			isa = XCBuildConfiguration;
			buildSettings = {
				CLANG_CXX_LANGUAGE_STANDARD = "gnu++20";
				CODE_SIGN_ENTITLEMENTS = TestingShieldConfiguration/TestingShieldConfiguration.entitlements;
				CODE_SIGN_IDENTITY = "Apple Development";
				CODE_SIGN_STYLE = Automatic;
				CURRENT_PROJECT_VERSION = 1;
				DEVELOPMENT_TEAM = 29BB6CT754;
				GCC_C_LANGUAGE_STANDARD = gnu17;
				GENERATE_INFOPLIST_FILE = YES;
				INFOPLIST_FILE = TestingShieldConfiguration/Info.plist;
				INFOPLIST_KEY_CFBundleDisplayName = TestingShieldConfiguration;
				INFOPLIST_KEY_NSHumanReadableCopyright = "";
				IPHONEOS_DEPLOYMENT_TARGET = 18.4;
				LD_RUNPATH_SEARCH_PATHS = (
					"$(inherited)",
					"@executable_path/Frameworks",
					"@executable_path/../../Frameworks",
				);
				LOCALIZATION_PREFERS_STRING_CATALOGS = YES;
				MARKETING_VERSION = 1.0;
				PRODUCT_BUNDLE_IDENTIFIER = com.rspoon3.Testing.TestingShieldConfiguration;
				PRODUCT_NAME = "$(TARGET_NAME)";
				SDKROOT = iphoneos;
				SKIP_INSTALL = YES;
				SWIFT_ACTIVE_COMPILATION_CONDITIONS = "DEBUG $(inherited)";
				SWIFT_EMIT_LOC_STRINGS = YES;
				SWIFT_VERSION = 5.0;
				TARGETED_DEVICE_FAMILY = "1,2";
			};
			name = Debug;
		};
		94AD9E412DA93617000DAD3E /* Release */ = {
			isa = XCBuildConfiguration;
			buildSettings = {
				CLANG_CXX_LANGUAGE_STANDARD = "gnu++20";
				CODE_SIGN_ENTITLEMENTS = TestingShieldConfiguration/TestingShieldConfiguration.entitlements;
				CODE_SIGN_IDENTITY = "Apple Development";
				CODE_SIGN_STYLE = Automatic;
				CURRENT_PROJECT_VERSION = 1;
				DEVELOPMENT_TEAM = 29BB6CT754;
				GCC_C_LANGUAGE_STANDARD = gnu17;
				GENERATE_INFOPLIST_FILE = YES;
				INFOPLIST_FILE = TestingShieldConfiguration/Info.plist;
				INFOPLIST_KEY_CFBundleDisplayName = TestingShieldConfiguration;
				INFOPLIST_KEY_NSHumanReadableCopyright = "";
				IPHONEOS_DEPLOYMENT_TARGET = 18.4;
				LD_RUNPATH_SEARCH_PATHS = (
					"$(inherited)",
					"@executable_path/Frameworks",
					"@executable_path/../../Frameworks",
				);
				LOCALIZATION_PREFERS_STRING_CATALOGS = YES;
				MARKETING_VERSION = 1.0;
				PRODUCT_BUNDLE_IDENTIFIER = com.rspoon3.Testing.TestingShieldConfiguration;
				PRODUCT_NAME = "$(TARGET_NAME)";
				SDKROOT = iphoneos;
				SKIP_INSTALL = YES;
				SWIFT_EMIT_LOC_STRINGS = YES;
				SWIFT_VERSION = 5.0;
				TARGETED_DEVICE_FAMILY = "1,2";
				VALIDATE_PRODUCT = YES;
			};
			name = Release;
		};
		94AD9E552DA93CE7000DAD3E /* Debug */ = {
			isa = XCBuildConfiguration;
			buildSettings = {
				CLANG_CXX_LANGUAGE_STANDARD = "gnu++20";
				CODE_SIGN_ENTITLEMENTS = TestingDeviceActivityMonitor/TestingDeviceActivityMonitor.entitlements;
				CODE_SIGN_IDENTITY = "Apple Development";
				CODE_SIGN_STYLE = Automatic;
				CURRENT_PROJECT_VERSION = 1;
				DEVELOPMENT_TEAM = 29BB6CT754;
				GCC_C_LANGUAGE_STANDARD = gnu17;
				GENERATE_INFOPLIST_FILE = YES;
				INFOPLIST_FILE = TestingDeviceActivityMonitor/Info.plist;
				INFOPLIST_KEY_CFBundleDisplayName = TestingDeviceActivityMonitor;
				INFOPLIST_KEY_NSHumanReadableCopyright = "";
				IPHONEOS_DEPLOYMENT_TARGET = 18.4;
				LD_RUNPATH_SEARCH_PATHS = (
					"$(inherited)",
					"@executable_path/Frameworks",
					"@executable_path/../../Frameworks",
				);
				LOCALIZATION_PREFERS_STRING_CATALOGS = YES;
				MARKETING_VERSION = 1.0;
				PRODUCT_BUNDLE_IDENTIFIER = com.rspoon3.Testing.TestingDeviceActivityMonitor;
				PRODUCT_NAME = "$(TARGET_NAME)";
				PROVISIONING_PROFILE_SPECIFIER = "";
				SDKROOT = iphoneos;
				SKIP_INSTALL = YES;
				SWIFT_ACTIVE_COMPILATION_CONDITIONS = "DEBUG $(inherited)";
				SWIFT_EMIT_LOC_STRINGS = YES;
				SWIFT_VERSION = 5.0;
				TARGETED_DEVICE_FAMILY = "1,2";
			};
			name = Debug;
		};
		94AD9E562DA93CE7000DAD3E /* Release */ = {
			isa = XCBuildConfiguration;
			buildSettings = {
				CLANG_CXX_LANGUAGE_STANDARD = "gnu++20";
				CODE_SIGN_ENTITLEMENTS = TestingDeviceActivityMonitor/TestingDeviceActivityMonitor.entitlements;
				CODE_SIGN_IDENTITY = "Apple Development";
				CODE_SIGN_STYLE = Automatic;
				CURRENT_PROJECT_VERSION = 1;
				DEVELOPMENT_TEAM = 29BB6CT754;
				GCC_C_LANGUAGE_STANDARD = gnu17;
				GENERATE_INFOPLIST_FILE = YES;
				INFOPLIST_FILE = TestingDeviceActivityMonitor/Info.plist;
				INFOPLIST_KEY_CFBundleDisplayName = TestingDeviceActivityMonitor;
				INFOPLIST_KEY_NSHumanReadableCopyright = "";
				IPHONEOS_DEPLOYMENT_TARGET = 18.4;
				LD_RUNPATH_SEARCH_PATHS = (
					"$(inherited)",
					"@executable_path/Frameworks",
					"@executable_path/../../Frameworks",
				);
				LOCALIZATION_PREFERS_STRING_CATALOGS = YES;
				MARKETING_VERSION = 1.0;
				PRODUCT_BUNDLE_IDENTIFIER = com.rspoon3.Testing.TestingDeviceActivityMonitor;
				PRODUCT_NAME = "$(TARGET_NAME)";
				PROVISIONING_PROFILE_SPECIFIER = "";
				SDKROOT = iphoneos;
				SKIP_INSTALL = YES;
				SWIFT_EMIT_LOC_STRINGS = YES;
				SWIFT_VERSION = 5.0;
				TARGETED_DEVICE_FAMILY = "1,2";
				VALIDATE_PRODUCT = YES;
			};
			name = Release;
		};
		94ADCE772DACA2DB000DAD3E /* Debug */ = {
			isa = XCBuildConfiguration;
			buildSettings = {
				CLANG_CXX_LANGUAGE_STANDARD = "gnu++20";
				CLANG_ENABLE_MODULES = YES;
				CODE_SIGN_ENTITLEMENTS = TestingDeviceActivityReportExtension/TestingDeviceActivityReportExtension.entitlements;
				CODE_SIGN_IDENTITY = "Apple Development";
				CODE_SIGN_STYLE = Automatic;
				CURRENT_PROJECT_VERSION = 1;
				DEVELOPMENT_TEAM = 29BB6CT754;
				GCC_C_LANGUAGE_STANDARD = gnu17;
				GENERATE_INFOPLIST_FILE = YES;
				INFOPLIST_FILE = TestingDeviceActivityReportExtension/Info.plist;
				INFOPLIST_KEY_CFBundleDisplayName = TestingDeviceActivityReportExtension;
				INFOPLIST_KEY_NSHumanReadableCopyright = "";
				IPHONEOS_DEPLOYMENT_TARGET = 18.4;
				LD_RUNPATH_SEARCH_PATHS = (
					"$(inherited)",
					"@executable_path/Frameworks",
					"@executable_path/../../Frameworks",
				);
				LOCALIZATION_PREFERS_STRING_CATALOGS = YES;
				MARKETING_VERSION = 1.0;
				PRODUCT_BUNDLE_IDENTIFIER = com.rspoon3.Testing.TestingDeviceActivityReportExtension;
				PRODUCT_NAME = "$(TARGET_NAME)";
				SDKROOT = iphoneos;
				SKIP_INSTALL = YES;
				SWIFT_ACTIVE_COMPILATION_CONDITIONS = "DEBUG $(inherited)";
				SWIFT_EMIT_LOC_STRINGS = YES;
				SWIFT_OPTIMIZATION_LEVEL = "-Onone";
				SWIFT_VERSION = 5.0;
				TARGETED_DEVICE_FAMILY = "1,2";
			};
			name = Debug;
		};
		94ADCE782DACA2DB000DAD3E /* Release */ = {
			isa = XCBuildConfiguration;
			buildSettings = {
				CLANG_CXX_LANGUAGE_STANDARD = "gnu++20";
				CLANG_ENABLE_MODULES = YES;
				CODE_SIGN_ENTITLEMENTS = TestingDeviceActivityReportExtension/TestingDeviceActivityReportExtension.entitlements;
				CODE_SIGN_IDENTITY = "Apple Development";
				CODE_SIGN_STYLE = Automatic;
				CURRENT_PROJECT_VERSION = 1;
				DEVELOPMENT_TEAM = 29BB6CT754;
				GCC_C_LANGUAGE_STANDARD = gnu17;
				GENERATE_INFOPLIST_FILE = YES;
				INFOPLIST_FILE = TestingDeviceActivityReportExtension/Info.plist;
				INFOPLIST_KEY_CFBundleDisplayName = TestingDeviceActivityReportExtension;
				INFOPLIST_KEY_NSHumanReadableCopyright = "";
				IPHONEOS_DEPLOYMENT_TARGET = 18.4;
				LD_RUNPATH_SEARCH_PATHS = (
					"$(inherited)",
					"@executable_path/Frameworks",
					"@executable_path/../../Frameworks",
				);
				LOCALIZATION_PREFERS_STRING_CATALOGS = YES;
				MARKETING_VERSION = 1.0;
				PRODUCT_BUNDLE_IDENTIFIER = com.rspoon3.Testing.TestingDeviceActivityReportExtension;
				PRODUCT_NAME = "$(TARGET_NAME)";
				SDKROOT = iphoneos;
				SKIP_INSTALL = YES;
				SWIFT_EMIT_LOC_STRINGS = YES;
				SWIFT_VERSION = 5.0;
				TARGETED_DEVICE_FAMILY = "1,2";
				VALIDATE_PRODUCT = YES;
			};
			name = Release;
		};
		A6A2630324E0BCB30091EA92 /* Debug */ = {
			isa = XCBuildConfiguration;
			buildSettings = {
				ALWAYS_SEARCH_USER_PATHS = NO;
				ASSETCATALOG_COMPILER_GENERATE_SWIFT_ASSET_SYMBOL_EXTENSIONS = YES;
				CLANG_ANALYZER_NONNULL = YES;
				CLANG_ANALYZER_NUMBER_OBJECT_CONVERSION = YES_AGGRESSIVE;
				CLANG_CXX_LANGUAGE_STANDARD = "gnu++14";
				CLANG_CXX_LIBRARY = "libc++";
				CLANG_ENABLE_MODULES = YES;
				CLANG_ENABLE_OBJC_ARC = YES;
				CLANG_ENABLE_OBJC_WEAK = YES;
				CLANG_WARN_BLOCK_CAPTURE_AUTORELEASING = YES;
				CLANG_WARN_BOOL_CONVERSION = YES;
				CLANG_WARN_COMMA = YES;
				CLANG_WARN_CONSTANT_CONVERSION = YES;
				CLANG_WARN_DEPRECATED_OBJC_IMPLEMENTATIONS = YES;
				CLANG_WARN_DIRECT_OBJC_ISA_USAGE = YES_ERROR;
				CLANG_WARN_DOCUMENTATION_COMMENTS = YES;
				CLANG_WARN_EMPTY_BODY = YES;
				CLANG_WARN_ENUM_CONVERSION = YES;
				CLANG_WARN_INFINITE_RECURSION = YES;
				CLANG_WARN_INT_CONVERSION = YES;
				CLANG_WARN_NON_LITERAL_NULL_CONVERSION = YES;
				CLANG_WARN_OBJC_IMPLICIT_RETAIN_SELF = YES;
				CLANG_WARN_OBJC_LITERAL_CONVERSION = YES;
				CLANG_WARN_OBJC_ROOT_CLASS = YES_ERROR;
				CLANG_WARN_QUOTED_INCLUDE_IN_FRAMEWORK_HEADER = YES;
				CLANG_WARN_RANGE_LOOP_ANALYSIS = YES;
				CLANG_WARN_STRICT_PROTOTYPES = YES;
				CLANG_WARN_SUSPICIOUS_MOVE = YES;
				CLANG_WARN_UNGUARDED_AVAILABILITY = YES_AGGRESSIVE;
				CLANG_WARN_UNREACHABLE_CODE = YES;
				CLANG_WARN__DUPLICATE_METHOD_MATCH = YES;
				COPY_PHASE_STRIP = NO;
				DEAD_CODE_STRIPPING = YES;
				DEBUG_INFORMATION_FORMAT = dwarf;
				DEVELOPMENT_TEAM = 29BB6CT754;
				ENABLE_STRICT_OBJC_MSGSEND = YES;
				ENABLE_TESTABILITY = YES;
				ENABLE_USER_SCRIPT_SANDBOXING = YES;
				GCC_C_LANGUAGE_STANDARD = gnu11;
				GCC_DYNAMIC_NO_PIC = NO;
				GCC_NO_COMMON_BLOCKS = YES;
				GCC_OPTIMIZATION_LEVEL = 0;
				GCC_PREPROCESSOR_DEFINITIONS = (
					"DEBUG=1",
					"$(inherited)",
				);
				GCC_WARN_64_TO_32_BIT_CONVERSION = YES;
				GCC_WARN_ABOUT_RETURN_TYPE = YES_ERROR;
				GCC_WARN_UNDECLARED_SELECTOR = YES;
				GCC_WARN_UNINITIALIZED_AUTOS = YES_AGGRESSIVE;
				GCC_WARN_UNUSED_FUNCTION = YES;
				GCC_WARN_UNUSED_VARIABLE = YES;
				MTL_ENABLE_DEBUG_INFO = INCLUDE_SOURCE;
				MTL_FAST_MATH = YES;
				ONLY_ACTIVE_ARCH = YES;
				SWIFT_ACTIVE_COMPILATION_CONDITIONS = DEBUG;
				SWIFT_OPTIMIZATION_LEVEL = "-Onone";
			};
			name = Debug;
		};
		A6A2630424E0BCB30091EA92 /* Release */ = {
			isa = XCBuildConfiguration;
			buildSettings = {
				ALWAYS_SEARCH_USER_PATHS = NO;
				ASSETCATALOG_COMPILER_GENERATE_SWIFT_ASSET_SYMBOL_EXTENSIONS = YES;
				CLANG_ANALYZER_NONNULL = YES;
				CLANG_ANALYZER_NUMBER_OBJECT_CONVERSION = YES_AGGRESSIVE;
				CLANG_CXX_LANGUAGE_STANDARD = "gnu++14";
				CLANG_CXX_LIBRARY = "libc++";
				CLANG_ENABLE_MODULES = YES;
				CLANG_ENABLE_OBJC_ARC = YES;
				CLANG_ENABLE_OBJC_WEAK = YES;
				CLANG_WARN_BLOCK_CAPTURE_AUTORELEASING = YES;
				CLANG_WARN_BOOL_CONVERSION = YES;
				CLANG_WARN_COMMA = YES;
				CLANG_WARN_CONSTANT_CONVERSION = YES;
				CLANG_WARN_DEPRECATED_OBJC_IMPLEMENTATIONS = YES;
				CLANG_WARN_DIRECT_OBJC_ISA_USAGE = YES_ERROR;
				CLANG_WARN_DOCUMENTATION_COMMENTS = YES;
				CLANG_WARN_EMPTY_BODY = YES;
				CLANG_WARN_ENUM_CONVERSION = YES;
				CLANG_WARN_INFINITE_RECURSION = YES;
				CLANG_WARN_INT_CONVERSION = YES;
				CLANG_WARN_NON_LITERAL_NULL_CONVERSION = YES;
				CLANG_WARN_OBJC_IMPLICIT_RETAIN_SELF = YES;
				CLANG_WARN_OBJC_LITERAL_CONVERSION = YES;
				CLANG_WARN_OBJC_ROOT_CLASS = YES_ERROR;
				CLANG_WARN_QUOTED_INCLUDE_IN_FRAMEWORK_HEADER = YES;
				CLANG_WARN_RANGE_LOOP_ANALYSIS = YES;
				CLANG_WARN_STRICT_PROTOTYPES = YES;
				CLANG_WARN_SUSPICIOUS_MOVE = YES;
				CLANG_WARN_UNGUARDED_AVAILABILITY = YES_AGGRESSIVE;
				CLANG_WARN_UNREACHABLE_CODE = YES;
				CLANG_WARN__DUPLICATE_METHOD_MATCH = YES;
				COPY_PHASE_STRIP = NO;
				DEAD_CODE_STRIPPING = YES;
				DEBUG_INFORMATION_FORMAT = "dwarf-with-dsym";
				DEVELOPMENT_TEAM = 29BB6CT754;
				ENABLE_NS_ASSERTIONS = NO;
				ENABLE_STRICT_OBJC_MSGSEND = YES;
				ENABLE_USER_SCRIPT_SANDBOXING = YES;
				GCC_C_LANGUAGE_STANDARD = gnu11;
				GCC_NO_COMMON_BLOCKS = YES;
				GCC_WARN_64_TO_32_BIT_CONVERSION = YES;
				GCC_WARN_ABOUT_RETURN_TYPE = YES_ERROR;
				GCC_WARN_UNDECLARED_SELECTOR = YES;
				GCC_WARN_UNINITIALIZED_AUTOS = YES_AGGRESSIVE;
				GCC_WARN_UNUSED_FUNCTION = YES;
				GCC_WARN_UNUSED_VARIABLE = YES;
				MTL_ENABLE_DEBUG_INFO = NO;
				MTL_FAST_MATH = YES;
				SWIFT_COMPILATION_MODE = wholemodule;
				SWIFT_OPTIMIZATION_LEVEL = "-O";
			};
			name = Release;
		};
		A6A2630624E0BCB30091EA92 /* Debug */ = {
			isa = XCBuildConfiguration;
			buildSettings = {
				ASSETCATALOG_COMPILER_APPICON_NAME = AppIcon;
				ASSETCATALOG_COMPILER_GLOBAL_ACCENT_COLOR_NAME = AccentColor;
				CODE_SIGN_ENTITLEMENTS = Testing.entitlements;
				CODE_SIGN_IDENTITY = "Apple Development";
				CODE_SIGN_STYLE = Automatic;
				DEVELOPMENT_TEAM = 29BB6CT754;
				ENABLE_PREVIEWS = YES;
				INFOPLIST_FILE = iOS/Info.plist;
				IPHONEOS_DEPLOYMENT_TARGET = 17.0;
				LD_RUNPATH_SEARCH_PATHS = (
					"$(inherited)",
					"@executable_path/Frameworks",
				);
				PRODUCT_BUNDLE_IDENTIFIER = com.rspoon3.Testing;
				PRODUCT_NAME = Testing;
				PROVISIONING_PROFILE_SPECIFIER = "";
				REGISTER_APP_GROUPS = YES;
				SDKROOT = iphoneos;
				SUPPORTS_MACCATALYST = YES;
				SUPPORTS_MAC_DESIGNED_FOR_IPHONE_IPAD = NO;
				SWIFT_VERSION = 5.0;
				TARGETED_DEVICE_FAMILY = "1,2,6";
			};
			name = Debug;
		};
		A6A2630724E0BCB30091EA92 /* Release */ = {
			isa = XCBuildConfiguration;
			buildSettings = {
				ASSETCATALOG_COMPILER_APPICON_NAME = AppIcon;
				ASSETCATALOG_COMPILER_GLOBAL_ACCENT_COLOR_NAME = AccentColor;
				CODE_SIGN_ENTITLEMENTS = Testing.entitlements;
				CODE_SIGN_IDENTITY = "Apple Development";
				CODE_SIGN_STYLE = Automatic;
				DEVELOPMENT_TEAM = 29BB6CT754;
				ENABLE_PREVIEWS = YES;
				INFOPLIST_FILE = iOS/Info.plist;
				IPHONEOS_DEPLOYMENT_TARGET = 17.0;
				LD_RUNPATH_SEARCH_PATHS = (
					"$(inherited)",
					"@executable_path/Frameworks",
				);
				PRODUCT_BUNDLE_IDENTIFIER = com.rspoon3.Testing;
				PRODUCT_NAME = Testing;
				PROVISIONING_PROFILE_SPECIFIER = "";
				REGISTER_APP_GROUPS = YES;
				SDKROOT = iphoneos;
				SUPPORTS_MACCATALYST = YES;
				SUPPORTS_MAC_DESIGNED_FOR_IPHONE_IPAD = NO;
				SWIFT_VERSION = 5.0;
				TARGETED_DEVICE_FAMILY = "1,2,6";
				VALIDATE_PRODUCT = YES;
			};
			name = Release;
		};
		A6A2630C24E0BCB30091EA92 /* Debug */ = {
			isa = XCBuildConfiguration;
			buildSettings = {
				CODE_SIGN_STYLE = Automatic;
				INFOPLIST_FILE = "Tests iOS/Info.plist";
				IPHONEOS_DEPLOYMENT_TARGET = 17.0;
				LD_RUNPATH_SEARCH_PATHS = (
					"$(inherited)",
					"@executable_path/Frameworks",
					"@loader_path/Frameworks",
				);
				PRODUCT_BUNDLE_IDENTIFIER = "com.Testing.rspoon3.Tests-iOS";
				PRODUCT_NAME = "$(TARGET_NAME)";
				SDKROOT = iphoneos;
				SWIFT_VERSION = 5.0;
				TARGETED_DEVICE_FAMILY = "1,2";
				TEST_TARGET_NAME = "Testing (iOS)";
			};
			name = Debug;
		};
		A6A2630D24E0BCB30091EA92 /* Release */ = {
			isa = XCBuildConfiguration;
			buildSettings = {
				CODE_SIGN_STYLE = Automatic;
				INFOPLIST_FILE = "Tests iOS/Info.plist";
				IPHONEOS_DEPLOYMENT_TARGET = 17.0;
				LD_RUNPATH_SEARCH_PATHS = (
					"$(inherited)",
					"@executable_path/Frameworks",
					"@loader_path/Frameworks",
				);
				PRODUCT_BUNDLE_IDENTIFIER = "com.Testing.rspoon3.Tests-iOS";
				PRODUCT_NAME = "$(TARGET_NAME)";
				SDKROOT = iphoneos;
				SWIFT_VERSION = 5.0;
				TARGETED_DEVICE_FAMILY = "1,2";
				TEST_TARGET_NAME = "Testing (iOS)";
				VALIDATE_PRODUCT = YES;
			};
			name = Release;
		};
/* End XCBuildConfiguration section */

/* Begin XCConfigurationList section */
		94AD9E432DA93617000DAD3E /* Build configuration list for PBXNativeTarget "TestingShieldConfiguration" */ = {
			isa = XCConfigurationList;
			buildConfigurations = (
				94AD9E402DA93617000DAD3E /* Debug */,
				94AD9E412DA93617000DAD3E /* Release */,
			);
			defaultConfigurationIsVisible = 0;
			defaultConfigurationName = Release;
		};
		94AD9E542DA93CE7000DAD3E /* Build configuration list for PBXNativeTarget "TestingDeviceActivityMonitor" */ = {
			isa = XCConfigurationList;
			buildConfigurations = (
				94AD9E552DA93CE7000DAD3E /* Debug */,
				94AD9E562DA93CE7000DAD3E /* Release */,
			);
			defaultConfigurationIsVisible = 0;
			defaultConfigurationName = Release;
		};
		94ADCE762DACA2DB000DAD3E /* Build configuration list for PBXNativeTarget "TestingDeviceActivityReportExtension" */ = {
			isa = XCConfigurationList;
			buildConfigurations = (
				94ADCE772DACA2DB000DAD3E /* Debug */,
				94ADCE782DACA2DB000DAD3E /* Release */,
			);
			defaultConfigurationIsVisible = 0;
			defaultConfigurationName = Release;
		};
		A6A262D224E0BCB20091EA92 /* Build configuration list for PBXProject "Testing" */ = {
			isa = XCConfigurationList;
			buildConfigurations = (
				A6A2630324E0BCB30091EA92 /* Debug */,
				A6A2630424E0BCB30091EA92 /* Release */,
			);
			defaultConfigurationIsVisible = 0;
			defaultConfigurationName = Release;
		};
		A6A2630524E0BCB30091EA92 /* Build configuration list for PBXNativeTarget "Testing (iOS)" */ = {
			isa = XCConfigurationList;
			buildConfigurations = (
				A6A2630624E0BCB30091EA92 /* Debug */,
				A6A2630724E0BCB30091EA92 /* Release */,
			);
			defaultConfigurationIsVisible = 0;
			defaultConfigurationName = Release;
		};
		A6A2630B24E0BCB30091EA92 /* Build configuration list for PBXNativeTarget "Tests iOS" */ = {
			isa = XCConfigurationList;
			buildConfigurations = (
				A6A2630C24E0BCB30091EA92 /* Debug */,
				A6A2630D24E0BCB30091EA92 /* Release */,
			);
			defaultConfigurationIsVisible = 0;
			defaultConfigurationName = Release;
		};
/* End XCConfigurationList section */

/* Begin XCRemoteSwiftPackageReference section */
		94ADF5DB2DADC7D6000DAD3E /* XCRemoteSwiftPackageReference "SwiftTools" */ = {
			isa = XCRemoteSwiftPackageReference;
			repositoryURL = "https://github.com/Rspoon3/SwiftTools";
			requirement = {
				kind = exactVersion;
				version = 2.1.0;
			};
		};
/* End XCRemoteSwiftPackageReference section */

/* Begin XCSwiftPackageProductDependency section */
		94ADF5DC2DADC7D6000DAD3E /* SwiftTools */ = {
			isa = XCSwiftPackageProductDependency;
			package = 94ADF5DB2DADC7D6000DAD3E /* XCRemoteSwiftPackageReference "SwiftTools" */;
			productName = SwiftTools;
		};
/* End XCSwiftPackageProductDependency section */
	};
	rootObject = A6A262CF24E0BCB20091EA92 /* Project object */;
}
