// !$*UTF8*$!
{
	archiveVersion = 1;
	classes = {
	};
	objectVersion = 54;
	objects = {

/* Begin PBXBuildFile section */
		941AA8292E60965D00B8D481 /* DeepLinkExamples.md in Resources */ = {isa = PBXBuildFile; fileRef = 941AA8262E60965D00B8D481 /* DeepLinkExamples.md */; };
		941AA82A2E60965D00B8D481 /* DeepLinkManager.swift in Sources */ = {isa = PBXBuildFile; fileRef = 941AA8272E60965D00B8D481 /* DeepLinkManager.swift */; };
		941AA82B2E60965D00B8D481 /* NavigationCoordinator.swift in Sources */ = {isa = PBXBuildFile; fileRef = 941AA8282E60965D00B8D481 /* NavigationCoordinator.swift */; };
		941AA82D2E60966000B8D481 /* ColorViews.swift in Sources */ = {isa = PBXBuildFile; fileRef = 941AA82C2E60966000B8D481 /* ColorViews.swift */; };
		941AA82F2E609ABF00B8D481 /* DeepLinkQueue.swift in Sources */ = {isa = PBXBuildFile; fileRef = 941AA82E2E609ABF00B8D481 /* DeepLinkQueue.swift */; };
		A6A262F024E0BCB30091EA92 /* Tests_iOS.swift in Sources */ = {isa = PBXBuildFile; fileRef = A6A262EF24E0BCB30091EA92 /* Tests_iOS.swift */; };
		A6A262FD24E0BCB30091EA92 /* TestDriveApp.swift in Sources */ = {isa = PBXBuildFile; fileRef = A6A262D424E0BCB20091EA92 /* TestDriveApp.swift */; };
		A6A262FF24E0BCB30091EA92 /* ContentView.swift in Sources */ = {isa = PBXBuildFile; fileRef = A6A262D524E0BCB20091EA92 /* ContentView.swift */; };
/* End PBXBuildFile section */

/* Begin PBXContainerItemProxy section */
		A6A262EC24E0BCB30091EA92 /* PBXContainerItemProxy */ = {
			isa = PBXContainerItemProxy;
			containerPortal = A6A262CF24E0BCB20091EA92 /* Project object */;
			proxyType = 1;
			remoteGlobalIDString = A6A262DA24E0BCB30091EA92;
			remoteInfo = "TestDrive (iOS)";
		};
/* End PBXContainerItemProxy section */

/* Begin PBXFileReference section */
		941AA8262E60965D00B8D481 /* DeepLinkExamples.md */ = {isa = PBXFileReference; lastKnownFileType = net.daringfireball.markdown; path = DeepLinkExamples.md; sourceTree = "<group>"; };
		941AA8272E60965D00B8D481 /* DeepLinkManager.swift */ = {isa = PBXFileReference; lastKnownFileType = sourcecode.swift; path = DeepLinkManager.swift; sourceTree = "<group>"; };
		941AA8282E60965D00B8D481 /* NavigationCoordinator.swift */ = {isa = PBXFileReference; lastKnownFileType = sourcecode.swift; path = NavigationCoordinator.swift; sourceTree = "<group>"; };
		941AA82C2E60966000B8D481 /* ColorViews.swift */ = {isa = PBXFileReference; lastKnownFileType = sourcecode.swift; path = ColorViews.swift; sourceTree = "<group>"; };
		941AA82E2E609ABF00B8D481 /* DeepLinkQueue.swift */ = {isa = PBXFileReference; lastKnownFileType = sourcecode.swift; path = DeepLinkQueue.swift; sourceTree = "<group>"; };
		A6A0310D266EBC6D001CBE2A /* TestDrive.entitlements */ = {isa = PBXFileReference; lastKnownFileType = text.plist.entitlements; path = TestDrive.entitlements; sourceTree = "<group>"; };
		A6A262D424E0BCB20091EA92 /* TestDriveApp.swift */ = {isa = PBXFileReference; lastKnownFileType = sourcecode.swift; path = TestDriveApp.swift; sourceTree = "<group>"; };
		A6A262D524E0BCB20091EA92 /* ContentView.swift */ = {isa = PBXFileReference; lastKnownFileType = sourcecode.swift; path = ContentView.swift; sourceTree = "<group>"; };
		A6A262DB24E0BCB30091EA92 /* TestDrive.app */ = {isa = PBXFileReference; explicitFileType = wrapper.application; includeInIndex = 0; path = TestDrive.app; sourceTree = BUILT_PRODUCTS_DIR; };
		A6A262DE24E0BCB30091EA92 /* Info.plist */ = {isa = PBXFileReference; lastKnownFileType = text.plist.xml; path = Info.plist; sourceTree = "<group>"; };
		A6A262EB24E0BCB30091EA92 /* Tests iOS.xctest */ = {isa = PBXFileReference; explicitFileType = wrapper.cfbundle; includeInIndex = 0; path = "Tests iOS.xctest"; sourceTree = BUILT_PRODUCTS_DIR; };
		A6A262EF24E0BCB30091EA92 /* Tests_iOS.swift */ = {isa = PBXFileReference; lastKnownFileType = sourcecode.swift; path = Tests_iOS.swift; sourceTree = "<group>"; };
		A6A262F124E0BCB30091EA92 /* Info.plist */ = {isa = PBXFileReference; lastKnownFileType = text.plist.xml; path = Info.plist; sourceTree = "<group>"; };
/* End PBXFileReference section */

/* Begin PBXFrameworksBuildPhase section */
		A6A262D824E0BCB30091EA92 /* Frameworks */ = {
			isa = PBXFrameworksBuildPhase;
			buildActionMask = 2147483647;
			files = (
			);
			runOnlyForDeploymentPostprocessing = 0;
		};
		A6A262E824E0BCB30091EA92 /* Frameworks */ = {
			isa = PBXFrameworksBuildPhase;
			buildActionMask = 2147483647;
			files = (
			);
			runOnlyForDeploymentPostprocessing = 0;
		};
/* End PBXFrameworksBuildPhase section */

/* Begin PBXGroup section */
		9416F28C2BF5AF1B00028457 /* Frameworks */ = {
			isa = PBXGroup;
			children = (
			);
			name = Frameworks;
			sourceTree = "<group>";
		};
		A6A262CE24E0BCB20091EA92 = {
			isa = PBXGroup;
			children = (
				A6A0310D266EBC6D001CBE2A /* TestDrive.entitlements */,
				A6A262DD24E0BCB30091EA92 /* iOS */,
				A6A262EE24E0BCB30091EA92 /* Tests iOS */,
				A6A262DC24E0BCB30091EA92 /* Products */,
				9416F28C2BF5AF1B00028457 /* Frameworks */,
			);
			sourceTree = "<group>";
		};
		A6A262DC24E0BCB30091EA92 /* Products */ = {
			isa = PBXGroup;
			children = (
				A6A262DB24E0BCB30091EA92 /* TestDrive.app */,
				A6A262EB24E0BCB30091EA92 /* Tests iOS.xctest */,
			);
			name = Products;
			sourceTree = "<group>";
		};
		A6A262DD24E0BCB30091EA92 /* iOS */ = {
			isa = PBXGroup;
			children = (
				941AA8262E60965D00B8D481 /* DeepLinkExamples.md */,
				941AA82C2E60966000B8D481 /* ColorViews.swift */,
				941AA8272E60965D00B8D481 /* DeepLinkManager.swift */,
				941AA82E2E609ABF00B8D481 /* DeepLinkQueue.swift */,
				941AA8282E60965D00B8D481 /* NavigationCoordinator.swift */,
				A6A262D424E0BCB20091EA92 /* TestDriveApp.swift */,
				A6A262D524E0BCB20091EA92 /* ContentView.swift */,
				A6A262DE24E0BCB30091EA92 /* Info.plist */,
			);
			path = iOS;
			sourceTree = "<group>";
		};
		A6A262EE24E0BCB30091EA92 /* Tests iOS */ = {
			isa = PBXGroup;
			children = (
				A6A262EF24E0BCB30091EA92 /* Tests_iOS.swift */,
				A6A262F124E0BCB30091EA92 /* Info.plist */,
			);
			path = "Tests iOS";
			sourceTree = "<group>";
		};
/* End PBXGroup section */

/* Begin PBXNativeTarget section */
		A6A262DA24E0BCB30091EA92 /* TestDrive (iOS) */ = {
			isa = PBXNativeTarget;
			buildConfigurationList = A6A2630524E0BCB30091EA92 /* Build configuration list for PBXNativeTarget "TestDrive (iOS)" */;
			buildPhases = (
				A6A262D724E0BCB30091EA92 /* Sources */,
				A6A262D824E0BCB30091EA92 /* Frameworks */,
				A6A262D924E0BCB30091EA92 /* Resources */,
			);
			buildRules = (
			);
			dependencies = (
			);
			name = "TestDrive (iOS)";
			productName = "TestDrive (iOS)";
			productReference = A6A262DB24E0BCB30091EA92 /* TestDrive.app */;
			productType = "com.apple.product-type.application";
		};
		A6A262EA24E0BCB30091EA92 /* Tests iOS */ = {
			isa = PBXNativeTarget;
			buildConfigurationList = A6A2630B24E0BCB30091EA92 /* Build configuration list for PBXNativeTarget "Tests iOS" */;
			buildPhases = (
				A6A262E724E0BCB30091EA92 /* Sources */,
				A6A262E824E0BCB30091EA92 /* Frameworks */,
				A6A262E924E0BCB30091EA92 /* Resources */,
			);
			buildRules = (
			);
			dependencies = (
				A6A262ED24E0BCB30091EA92 /* PBXTargetDependency */,
			);
			name = "Tests iOS";
			packageProductDependencies = (
			);
			productName = "Tests iOS";
			productReference = A6A262EB24E0BCB30091EA92 /* Tests iOS.xctest */;
			productType = "com.apple.product-type.bundle.ui-testing";
		};
/* End PBXNativeTarget section */

/* Begin PBXProject section */
		A6A262CF24E0BCB20091EA92 /* Project object */ = {
			isa = PBXProject;
			attributes = {
				BuildIndependentTargetsInParallel = YES;
				LastSwiftUpdateCheck = 1200;
				LastUpgradeCheck = 1640;
				TargetAttributes = {
					A6A262DA24E0BCB30091EA92 = {
						CreatedOnToolsVersion = 12.0;
					};
					A6A262EA24E0BCB30091EA92 = {
						CreatedOnToolsVersion = 12.0;
						TestTargetID = A6A262DA24E0BCB30091EA92;
					};
				};
			};
			buildConfigurationList = A6A262D224E0BCB20091EA92 /* Build configuration list for PBXProject "TestDrive" */;
			compatibilityVersion = "Xcode 9.3";
			developmentRegion = en;
			hasScannedForEncodings = 0;
			knownRegions = (
				en,
				Base,
			);
			mainGroup = A6A262CE24E0BCB20091EA92;
			packageReferences = (
			);
			productRefGroup = A6A262DC24E0BCB30091EA92 /* Products */;
			projectDirPath = "";
			projectRoot = "";
			targets = (
				A6A262DA24E0BCB30091EA92 /* TestDrive (iOS) */,
				A6A262EA24E0BCB30091EA92 /* Tests iOS */,
			);
		};
/* End PBXProject section */

/* Begin PBXResourcesBuildPhase section */
		A6A262D924E0BCB30091EA92 /* Resources */ = {
			isa = PBXResourcesBuildPhase;
			buildActionMask = 2147483647;
			files = (
				941AA8292E60965D00B8D481 /* DeepLinkExamples.md in Resources */,
			);
			runOnlyForDeploymentPostprocessing = 0;
		};
		A6A262E924E0BCB30091EA92 /* Resources */ = {
			isa = PBXResourcesBuildPhase;
			buildActionMask = 2147483647;
			files = (
			);
			runOnlyForDeploymentPostprocessing = 0;
		};
/* End PBXResourcesBuildPhase section */

/* Begin PBXSourcesBuildPhase section */
		A6A262D724E0BCB30091EA92 /* Sources */ = {
			isa = PBXSourcesBuildPhase;
			buildActionMask = 2147483647;
			files = (
				A6A262FF24E0BCB30091EA92 /* ContentView.swift in Sources */,
				A6A262FD24E0BCB30091EA92 /* TestDriveApp.swift in Sources */,
				941AA82A2E60965D00B8D481 /* DeepLinkManager.swift in Sources */,
				941AA82F2E609ABF00B8D481 /* DeepLinkQueue.swift in Sources */,
				941AA82D2E60966000B8D481 /* ColorViews.swift in Sources */,
				941AA82B2E60965D00B8D481 /* NavigationCoordinator.swift in Sources */,
			);
			runOnlyForDeploymentPostprocessing = 0;
		};
		A6A262E724E0BCB30091EA92 /* Sources */ = {
			isa = PBXSourcesBuildPhase;
			buildActionMask = 2147483647;
			files = (
				A6A262F024E0BCB30091EA92 /* Tests_iOS.swift in Sources */,
			);
			runOnlyForDeploymentPostprocessing = 0;
		};
/* End PBXSourcesBuildPhase section */

/* Begin PBXTargetDependency section */
		A6A262ED24E0BCB30091EA92 /* PBXTargetDependency */ = {
			isa = PBXTargetDependency;
			target = A6A262DA24E0BCB30091EA92 /* TestDrive (iOS) */;
			targetProxy = A6A262EC24E0BCB30091EA92 /* PBXContainerItemProxy */;
		};
/* End PBXTargetDependency section */

/* Begin XCBuildConfiguration section */
		A6A2630324E0BCB30091EA92 /* Debug */ = {
			isa = XCBuildConfiguration;
			buildSettings = {
				ALWAYS_SEARCH_USER_PATHS = NO;
				ASSETCATALOG_COMPILER_GENERATE_SWIFT_ASSET_SYMBOL_EXTENSIONS = YES;
				CLANG_ANALYZER_NONNULL = YES;
				CLANG_ANALYZER_NUMBER_OBJECT_CONVERSION = YES_AGGRESSIVE;
				CLANG_CXX_LANGUAGE_STANDARD = "gnu++14";
				CLANG_CXX_LIBRARY = "libc++";
				CLANG_ENABLE_MODULES = YES;
				CLANG_ENABLE_OBJC_ARC = YES;
				CLANG_ENABLE_OBJC_WEAK = YES;
				CLANG_WARN_BLOCK_CAPTURE_AUTORELEASING = YES;
				CLANG_WARN_BOOL_CONVERSION = YES;
				CLANG_WARN_COMMA = YES;
				CLANG_WARN_CONSTANT_CONVERSION = YES;
				CLANG_WARN_DEPRECATED_OBJC_IMPLEMENTATIONS = YES;
				CLANG_WARN_DIRECT_OBJC_ISA_USAGE = YES_ERROR;
				CLANG_WARN_DOCUMENTATION_COMMENTS = YES;
				CLANG_WARN_EMPTY_BODY = YES;
				CLANG_WARN_ENUM_CONVERSION = YES;
				CLANG_WARN_INFINITE_RECURSION = YES;
				CLANG_WARN_INT_CONVERSION = YES;
				CLANG_WARN_NON_LITERAL_NULL_CONVERSION = YES;
				CLANG_WARN_OBJC_IMPLICIT_RETAIN_SELF = YES;
				CLANG_WARN_OBJC_LITERAL_CONVERSION = YES;
				CLANG_WARN_OBJC_ROOT_CLASS = YES_ERROR;
				CLANG_WARN_QUOTED_INCLUDE_IN_FRAMEWORK_HEADER = YES;
				CLANG_WARN_RANGE_LOOP_ANALYSIS = YES;
				CLANG_WARN_STRICT_PROTOTYPES = YES;
				CLANG_WARN_SUSPICIOUS_MOVE = YES;
				CLANG_WARN_UNGUARDED_AVAILABILITY = YES_AGGRESSIVE;
				CLANG_WARN_UNREACHABLE_CODE = YES;
				CLANG_WARN__DUPLICATE_METHOD_MATCH = YES;
				COPY_PHASE_STRIP = NO;
				DEAD_CODE_STRIPPING = YES;
				DEBUG_INFORMATION_FORMAT = dwarf;
				DEVELOPMENT_TEAM = 29BB6CT754;
				ENABLE_STRICT_OBJC_MSGSEND = YES;
				ENABLE_TESTABILITY = YES;
				ENABLE_USER_SCRIPT_SANDBOXING = YES;
				GCC_C_LANGUAGE_STANDARD = gnu11;
				GCC_DYNAMIC_NO_PIC = NO;
				GCC_NO_COMMON_BLOCKS = YES;
				GCC_OPTIMIZATION_LEVEL = 0;
				GCC_PREPROCESSOR_DEFINITIONS = (
					"DEBUG=1",
					"$(inherited)",
				);
				GCC_WARN_64_TO_32_BIT_CONVERSION = YES;
				GCC_WARN_ABOUT_RETURN_TYPE = YES_ERROR;
				GCC_WARN_UNDECLARED_SELECTOR = YES;
				GCC_WARN_UNINITIALIZED_AUTOS = YES_AGGRESSIVE;
				GCC_WARN_UNUSED_FUNCTION = YES;
				GCC_WARN_UNUSED_VARIABLE = YES;
				MTL_ENABLE_DEBUG_INFO = INCLUDE_SOURCE;
				MTL_FAST_MATH = YES;
				ONLY_ACTIVE_ARCH = YES;
				SWIFT_ACTIVE_COMPILATION_CONDITIONS = DEBUG;
				SWIFT_OPTIMIZATION_LEVEL = "-Onone";
			};
			name = Debug;
		};
		A6A2630424E0BCB30091EA92 /* Release */ = {
			isa = XCBuildConfiguration;
			buildSettings = {
				ALWAYS_SEARCH_USER_PATHS = NO;
				ASSETCATALOG_COMPILER_GENERATE_SWIFT_ASSET_SYMBOL_EXTENSIONS = YES;
				CLANG_ANALYZER_NONNULL = YES;
				CLANG_ANALYZER_NUMBER_OBJECT_CONVERSION = YES_AGGRESSIVE;
				CLANG_CXX_LANGUAGE_STANDARD = "gnu++14";
				CLANG_CXX_LIBRARY = "libc++";
				CLANG_ENABLE_MODULES = YES;
				CLANG_ENABLE_OBJC_ARC = YES;
				CLANG_ENABLE_OBJC_WEAK = YES;
				CLANG_WARN_BLOCK_CAPTURE_AUTORELEASING = YES;
				CLANG_WARN_BOOL_CONVERSION = YES;
				CLANG_WARN_COMMA = YES;
				CLANG_WARN_CONSTANT_CONVERSION = YES;
				CLANG_WARN_DEPRECATED_OBJC_IMPLEMENTATIONS = YES;
				CLANG_WARN_DIRECT_OBJC_ISA_USAGE = YES_ERROR;
				CLANG_WARN_DOCUMENTATION_COMMENTS = YES;
				CLANG_WARN_EMPTY_BODY = YES;
				CLANG_WARN_ENUM_CONVERSION = YES;
				CLANG_WARN_INFINITE_RECURSION = YES;
				CLANG_WARN_INT_CONVERSION = YES;
				CLANG_WARN_NON_LITERAL_NULL_CONVERSION = YES;
				CLANG_WARN_OBJC_IMPLICIT_RETAIN_SELF = YES;
				CLANG_WARN_OBJC_LITERAL_CONVERSION = YES;
				CLANG_WARN_OBJC_ROOT_CLASS = YES_ERROR;
				CLANG_WARN_QUOTED_INCLUDE_IN_FRAMEWORK_HEADER = YES;
				CLANG_WARN_RANGE_LOOP_ANALYSIS = YES;
				CLANG_WARN_STRICT_PROTOTYPES = YES;
				CLANG_WARN_SUSPICIOUS_MOVE = YES;
				CLANG_WARN_UNGUARDED_AVAILABILITY = YES_AGGRESSIVE;
				CLANG_WARN_UNREACHABLE_CODE = YES;
				CLANG_WARN__DUPLICATE_METHOD_MATCH = YES;
				COPY_PHASE_STRIP = NO;
				DEAD_CODE_STRIPPING = YES;
				DEBUG_INFORMATION_FORMAT = "dwarf-with-dsym";
				DEVELOPMENT_TEAM = 29BB6CT754;
				ENABLE_NS_ASSERTIONS = NO;
				ENABLE_STRICT_OBJC_MSGSEND = YES;
				ENABLE_USER_SCRIPT_SANDBOXING = YES;
				GCC_C_LANGUAGE_STANDARD = gnu11;
				GCC_NO_COMMON_BLOCKS = YES;
				GCC_WARN_64_TO_32_BIT_CONVERSION = YES;
				GCC_WARN_ABOUT_RETURN_TYPE = YES_ERROR;
				GCC_WARN_UNDECLARED_SELECTOR = YES;
				GCC_WARN_UNINITIALIZED_AUTOS = YES_AGGRESSIVE;
				GCC_WARN_UNUSED_FUNCTION = YES;
				GCC_WARN_UNUSED_VARIABLE = YES;
				MTL_ENABLE_DEBUG_INFO = NO;
				MTL_FAST_MATH = YES;
				SWIFT_COMPILATION_MODE = wholemodule;
				SWIFT_OPTIMIZATION_LEVEL = "-O";
			};
			name = Release;
		};
		A6A2630624E0BCB30091EA92 /* Debug */ = {
			isa = XCBuildConfiguration;
			buildSettings = {
				ASSETCATALOG_COMPILER_APPICON_NAME = AppIcon;
				ASSETCATALOG_COMPILER_GLOBAL_ACCENT_COLOR_NAME = AccentColor;
				CODE_SIGN_ENTITLEMENTS = TestDrive.entitlements;
				CODE_SIGN_STYLE = Automatic;
				ENABLE_PREVIEWS = YES;
				INFOPLIST_FILE = iOS/Info.plist;
				IPHONEOS_DEPLOYMENT_TARGET = 17.0;
				LD_RUNPATH_SEARCH_PATHS = (
					"$(inherited)",
					"@executable_path/Frameworks",
				);
				PRODUCT_BUNDLE_IDENTIFIER = com.rspoon3.TestDrive;
				PRODUCT_NAME = TestDrive;
				SDKROOT = iphoneos;
				SUPPORTS_MACCATALYST = YES;
				SUPPORTS_MAC_DESIGNED_FOR_IPHONE_IPAD = NO;
				SWIFT_VERSION = 5.0;
				TARGETED_DEVICE_FAMILY = "1,2,6";
			};
			name = Debug;
		};
		A6A2630724E0BCB30091EA92 /* Release */ = {
			isa = XCBuildConfiguration;
			buildSettings = {
				ASSETCATALOG_COMPILER_APPICON_NAME = AppIcon;
				ASSETCATALOG_COMPILER_GLOBAL_ACCENT_COLOR_NAME = AccentColor;
				CODE_SIGN_ENTITLEMENTS = TestDrive.entitlements;
				CODE_SIGN_STYLE = Automatic;
				ENABLE_PREVIEWS = YES;
				INFOPLIST_FILE = iOS/Info.plist;
				IPHONEOS_DEPLOYMENT_TARGET = 17.0;
				LD_RUNPATH_SEARCH_PATHS = (
					"$(inherited)",
					"@executable_path/Frameworks",
				);
				PRODUCT_BUNDLE_IDENTIFIER = com.rspoon3.TestDrive;
				PRODUCT_NAME = TestDrive;
				SDKROOT = iphoneos;
				SUPPORTS_MACCATALYST = YES;
				SUPPORTS_MAC_DESIGNED_FOR_IPHONE_IPAD = NO;
				SWIFT_VERSION = 5.0;
				TARGETED_DEVICE_FAMILY = "1,2,6";
				VALIDATE_PRODUCT = YES;
			};
			name = Release;
		};
		A6A2630C24E0BCB30091EA92 /* Debug */ = {
			isa = XCBuildConfiguration;
			buildSettings = {
				CODE_SIGN_STYLE = Automatic;
				INFOPLIST_FILE = "Tests iOS/Info.plist";
				IPHONEOS_DEPLOYMENT_TARGET = 17.0;
				LD_RUNPATH_SEARCH_PATHS = (
					"$(inherited)",
					"@executable_path/Frameworks",
					"@loader_path/Frameworks",
				);
				PRODUCT_BUNDLE_IDENTIFIER = "com.TestDrive.rspoon3.Tests-iOS";
				PRODUCT_NAME = "$(TARGET_NAME)";
				SDKROOT = iphoneos;
				SWIFT_VERSION = 5.0;
				TARGETED_DEVICE_FAMILY = "1,2";
				TEST_TARGET_NAME = "TestDrive (iOS)";
			};
			name = Debug;
		};
		A6A2630D24E0BCB30091EA92 /* Release */ = {
			isa = XCBuildConfiguration;
			buildSettings = {
				CODE_SIGN_STYLE = Automatic;
				INFOPLIST_FILE = "Tests iOS/Info.plist";
				IPHONEOS_DEPLOYMENT_TARGET = 17.0;
				LD_RUNPATH_SEARCH_PATHS = (
					"$(inherited)",
					"@executable_path/Frameworks",
					"@loader_path/Frameworks",
				);
				PRODUCT_BUNDLE_IDENTIFIER = "com.TestDrive.rspoon3.Tests-iOS";
				PRODUCT_NAME = "$(TARGET_NAME)";
				SDKROOT = iphoneos;
				SWIFT_VERSION = 5.0;
				TARGETED_DEVICE_FAMILY = "1,2";
				TEST_TARGET_NAME = "TestDrive (iOS)";
				VALIDATE_PRODUCT = YES;
			};
			name = Release;
		};
/* End XCBuildConfiguration section */

/* Begin XCConfigurationList section */
		A6A262D224E0BCB20091EA92 /* Build configuration list for PBXProject "TestDrive" */ = {
			isa = XCConfigurationList;
			buildConfigurations = (
				A6A2630324E0BCB30091EA92 /* Debug */,
				A6A2630424E0BCB30091EA92 /* Release */,
			);
			defaultConfigurationIsVisible = 0;
			defaultConfigurationName = Release;
		};
		A6A2630524E0BCB30091EA92 /* Build configuration list for PBXNativeTarget "TestDrive (iOS)" */ = {
			isa = XCConfigurationList;
			buildConfigurations = (
				A6A2630624E0BCB30091EA92 /* Debug */,
				A6A2630724E0BCB30091EA92 /* Release */,
			);
			defaultConfigurationIsVisible = 0;
			defaultConfigurationName = Release;
		};
		A6A2630B24E0BCB30091EA92 /* Build configuration list for PBXNativeTarget "Tests iOS" */ = {
			isa = XCConfigurationList;
			buildConfigurations = (
				A6A2630C24E0BCB30091EA92 /* Debug */,
				A6A2630D24E0BCB30091EA92 /* Release */,
			);
			defaultConfigurationIsVisible = 0;
			defaultConfigurationName = Release;
		};
/* End XCConfigurationList section */
	};
	rootObject = A6A262CF24E0BCB20091EA92 /* Project object */;
}
