{
  "originHash" : "d8ee441947d42175a0dcf8c53130c8aded6c431d98e79fbc753501d9e19b62a0",
  "pins" : [
    {
      "identity" : "sfsymbols",
      "kind" : "remoteSourceControl",
      "location" : "https://github.com/Rspoon3/SFSymbols.git",
      "state" : {
        "revision" : "0860caebd6efd296b66cf128d58972b9c52800db",
        "version" : "2.6.1"
      }
    },
    {
      "identity" : "solar",
      "kind" : "remoteSourceControl",
      "location" : "https://github.com/ceeK/Solar",
      "state" : {
        "revision" : "c2b96f2d5fb7f835b91cefac5e83101f54643901",
        "version" : "3.0.1"
      }
    },
    {
      "identity" : "swifttools",
      "kind" : "remoteSourceControl",
      "location" : "https://github.com/Rspoon3/SwiftTools",
      "state" : {
        "revision" : "482b9c6065baa87a361a9411b674e4f6d77136ac",
        "version" : "2.1.0"
      }
    }
  ],
  "version" : 3
}
